// !$*UTF8*$!
{
	archiveVersion = 1;
	classes = {
	};
	objectVersion = 50;
	objects = {

/* Begin PBXBuildFile section */
		CB86565926C65C17000E913D /* AppDelegate.swift in Sources */ = {isa = PBXBuildFile; fileRef = CB86565826C65C17000E913D /* AppDelegate.swift */; };
		CB86565D26C65C17000E913D /* ViewController.swift in Sources */ = {isa = PBXBuildFile; fileRef = CB86565C26C65C17000E913D /* ViewController.swift */; };
		CB86566026C65C17000E913D /* Main.storyboard in Resources */ = {isa = PBXBuildFile; fileRef = CB86565E26C65C17000E913D /* Main.storyboard */; };
		CB86566226C65C18000E913D /* Assets.xcassets in Resources */ = {isa = PBXBuildFile; fileRef = CB86566126C65C18000E913D /* Assets.xcassets */; };
		CB86566526C65C18000E913D /* LaunchScreen.storyboard in Resources */ = {isa = PBXBuildFile; fileRef = CB86566326C65C18000E913D /* LaunchScreen.storyboard */; };
		CB86567026C65C99000E913D /* UIViewDesignable.swift in Sources */ = {isa = PBXBuildFile; fileRef = CB86566F26C65C99000E913D /* UIViewDesignable.swift */; };
		CB86567226C678C8000E913D /* RecordClass.swift in Sources */ = {isa = PBXBuildFile; fileRef = CB86567126C678C8000E913D /* RecordClass.swift */; };
/* End PBXBuildFile section */

/* Begin PBXFileReference section */
		CB86565526C65C17000E913D /* VoiceRecording.app */ = {isa = PBXFileReference; explicitFileType = wrapper.application; includeInIndex = 0; path = VoiceRecording.app; sourceTree = BUILT_PRODUCTS_DIR; };
		CB86565826C65C17000E913D /* AppDelegate.swift */ = {isa = PBXFileReference; lastKnownFileType = sourcecode.swift; path = AppDelegate.swift; sourceTree = "<group>"; };
		CB86565C26C65C17000E913D /* ViewController.swift */ = {isa = PBXFileReference; lastKnownFileType = sourcecode.swift; path = ViewController.swift; sourceTree = "<group>"; };
		CB86565F26C65C17000E913D /* Base */ = {isa = PBXFileReference; lastKnownFileType = file.storyboard; name = Base; path = Base.lproj/Main.storyboard; sourceTree = "<group>"; };
		CB86566126C65C18000E913D /* Assets.xcassets */ = {isa = PBXFileReference; lastKnownFileType = folder.assetcatalog; path = Assets.xcassets; sourceTree = "<group>"; };
		CB86566426C65C18000E913D /* Base */ = {isa = PBXFileReference; lastKnownFileType = file.storyboard; name = Base; path = Base.lproj/LaunchScreen.storyboard; sourceTree = "<group>"; };
		CB86566626C65C18000E913D /* Info.plist */ = {isa = PBXFileReference; lastKnownFileType = text.plist.xml; path = Info.plist; sourceTree = "<group>"; };
		CB86566F26C65C99000E913D /* UIViewDesignable.swift */ = {isa = PBXFileReference; fileEncoding = 4; lastKnownFileType = sourcecode.swift; path = UIViewDesignable.swift; sourceTree = "<group>"; };
		CB86567126C678C8000E913D /* RecordClass.swift */ = {isa = PBXFileReference; lastKnownFileType = sourcecode.swift; path = RecordClass.swift; sourceTree = "<group>"; };
/* End PBXFileReference section */

/* Begin PBXFrameworksBuildPhase section */
		CB86565226C65C17000E913D /* Frameworks */ = {
			isa = PBXFrameworksBuildPhase;
			buildActionMask = 2147483647;
			files = (
			);
			runOnlyForDeploymentPostprocessing = 0;
		};
/* End PBXFrameworksBuildPhase section */

/* Begin PBXGroup section */
		CB86564C26C65C17000E913D = {
			isa = PBXGroup;
			children = (
				CB86565726C65C17000E913D /* VoiceRecording */,
				CB86565626C65C17000E913D /* Products */,
			);
			sourceTree = "<group>";
		};
		CB86565626C65C17000E913D /* Products */ = {
			isa = PBXGroup;
			children = (
				CB86565526C65C17000E913D /* VoiceRecording.app */,
			);
			name = Products;
			sourceTree = "<group>";
		};
		CB86565726C65C17000E913D /* VoiceRecording */ = {
			isa = PBXGroup;
			children = (
				CB86566326C65C18000E913D /* LaunchScreen.storyboard */,
				CB86565E26C65C17000E913D /* Main.storyboard */,
				CB86566D26C65C56000E913D /* Others */,
				CB86566C26C65C51000E913D /* Classes */,
				CB86566E26C65C5B000E913D /* Main */,
			);
			path = VoiceRecording;
			sourceTree = "<group>";
		};
		CB86566C26C65C51000E913D /* Classes */ = {
			isa = PBXGroup;
			children = (
				CB86566F26C65C99000E913D /* UIViewDesignable.swift */,
				CB86567126C678C8000E913D /* RecordClass.swift */,
			);
			path = Classes;
			sourceTree = "<group>";
		};
		CB86566D26C65C56000E913D /* Others */ = {
			isa = PBXGroup;
			children = (
				CB86565826C65C17000E913D /* AppDelegate.swift */,
				CB86566126C65C18000E913D /* Assets.xcassets */,
				CB86566626C65C18000E913D /* Info.plist */,
			);
			path = Others;
			sourceTree = "<group>";
		};
		CB86566E26C65C5B000E913D /* Main */ = {
			isa = PBXGroup;
			children = (
				CB86565C26C65C17000E913D /* ViewController.swift */,
			);
			path = Main;
			sourceTree = "<group>";
		};
/* End PBXGroup section */

/* Begin PBXNativeTarget section */
		CB86565426C65C17000E913D /* VoiceRecording */ = {
			isa = PBXNativeTarget;
			buildConfigurationList = CB86566926C65C18000E913D /* Build configuration list for PBXNativeTarget "VoiceRecording" */;
			buildPhases = (
				CB86565126C65C17000E913D /* Sources */,
				CB86565226C65C17000E913D /* Frameworks */,
				CB86565326C65C17000E913D /* Resources */,
			);
			buildRules = (
			);
			dependencies = (
			);
			name = VoiceRecording;
			productName = VoiceRecording;
			productReference = CB86565526C65C17000E913D /* VoiceRecording.app */;
			productType = "com.apple.product-type.application";
		};
/* End PBXNativeTarget section */

/* Begin PBXProject section */
		CB86564D26C65C17000E913D /* Project object */ = {
			isa = PBXProject;
			attributes = {
				LastSwiftUpdateCheck = 1250;
				LastUpgradeCheck = 1250;
				TargetAttributes = {
					CB86565426C65C17000E913D = {
						CreatedOnToolsVersion = 12.5.1;
					};
				};
			};
			buildConfigurationList = CB86565026C65C17000E913D /* Build configuration list for PBXProject "VoiceRecording" */;
			compatibilityVersion = "Xcode 9.3";
			developmentRegion = en;
			hasScannedForEncodings = 0;
			knownRegions = (
				en,
				Base,
			);
			mainGroup = CB86564C26C65C17000E913D;
			productRefGroup = CB86565626C65C17000E913D /* Products */;
			projectDirPath = "";
			projectRoot = "";
			targets = (
				CB86565426C65C17000E913D /* VoiceRecording */,
			);
		};
/* End PBXProject section */

/* Begin PBXResourcesBuildPhase section */
		CB86565326C65C17000E913D /* Resources */ = {
			isa = PBXResourcesBuildPhase;
			buildActionMask = 2147483647;
			files = (
				CB86566526C65C18000E913D /* LaunchScreen.storyboard in Resources */,
				CB86566226C65C18000E913D /* Assets.xcassets in Resources */,
				CB86566026C65C17000E913D /* Main.storyboard in Resources */,
			);
			runOnlyForDeploymentPostprocessing = 0;
		};
/* End PBXResourcesBuildPhase section */

/* Begin PBXSourcesBuildPhase section */
		CB86565126C65C17000E913D /* Sources */ = {
			isa = PBXSourcesBuildPhase;
			buildActionMask = 2147483647;
			files = (
				CB86565D26C65C17000E913D /* ViewController.swift in Sources */,
				CB86567226C678C8000E913D /* RecordClass.swift in Sources */,
				CB86565926C65C17000E913D /* AppDelegate.swift in Sources */,
				CB86567026C65C99000E913D /* UIViewDesignable.swift in Sources */,
			);
			runOnlyForDeploymentPostprocessing = 0;
		};
/* End PBXSourcesBuildPhase section */

/* Begin PBXVariantGroup section */
		CB86565E26C65C17000E913D /* Main.storyboard */ = {
			isa = PBXVariantGroup;
			children = (
				CB86565F26C65C17000E913D /* Base */,
			);
			name = Main.storyboard;
			sourceTree = "<group>";
		};
		CB86566326C65C18000E913D /* LaunchScreen.storyboard */ = {
			isa = PBXVariantGroup;
			children = (
				CB86566426C65C18000E913D /* Base */,
			);
			name = LaunchScreen.storyboard;
			sourceTree = "<group>";
		};
/* End PBXVariantGroup section */

/* Begin XCBuildConfiguration section */
		CB86566726C65C18000E913D /* Debug */ = {
			isa = XCBuildConfiguration;
			buildSettings = {
				ALWAYS_SEARCH_USER_PATHS = NO;
				CLANG_ANALYZER_NONNULL = YES;
				CLANG_ANALYZER_NUMBER_OBJECT_CONVERSION = YES_AGGRESSIVE;
				CLANG_CXX_LANGUAGE_STANDARD = "gnu++14";
				CLANG_CXX_LIBRARY = "libc++";
				CLANG_ENABLE_MODULES = YES;
				CLANG_ENABLE_OBJC_ARC = YES;
				CLANG_ENABLE_OBJC_WEAK = YES;
				CLANG_WARN_BLOCK_CAPTURE_AUTORELEASING = YES;
				CLANG_WARN_BOOL_CONVERSION = YES;
				CLANG_WARN_COMMA = YES;
				CLANG_WARN_CONSTANT_CONVERSION = YES;
				CLANG_WARN_DEPRECATED_OBJC_IMPLEMENTATIONS = YES;
				CLANG_WARN_DIRECT_OBJC_ISA_USAGE = YES_ERROR;
				CLANG_WARN_DOCUMENTATION_COMMENTS = YES;
				CLANG_WARN_EMPTY_BODY = YES;
				CLANG_WARN_ENUM_CONVERSION = YES;
				CLANG_WARN_INFINITE_RECURSION = YES;
				CLANG_WARN_INT_CONVERSION = YES;
				CLANG_WARN_NON_LITERAL_NULL_CONVERSION = YES;
				CLANG_WARN_OBJC_IMPLICIT_RETAIN_SELF = YES;
				CLANG_WARN_OBJC_LITERAL_CONVERSION = YES;
				CLANG_WARN_OBJC_ROOT_CLASS = YES_ERROR;
				CLANG_WARN_QUOTED_INCLUDE_IN_FRAMEWORK_HEADER = YES;
				CLANG_WARN_RANGE_LOOP_ANALYSIS = YES;
				CLANG_WARN_STRICT_PROTOTYPES = YES;
				CLANG_WARN_SUSPICIOUS_MOVE = YES;
				CLANG_WARN_UNGUARDED_AVAILABILITY = YES_AGGRESSIVE;
				CLANG_WARN_UNREACHABLE_CODE = YES;
				CLANG_WARN__DUPLICATE_METHOD_MATCH = YES;
				COPY_PHASE_STRIP = NO;
				DEBUG_INFORMATION_FORMAT = dwarf;
				ENABLE_STRICT_OBJC_MSGSEND = YES;
				ENABLE_TESTABILITY = YES;
				GCC_C_LANGUAGE_STANDARD = gnu11;
				GCC_DYNAMIC_NO_PIC = NO;
				GCC_NO_COMMON_BLOCKS = YES;
				GCC_OPTIMIZATION_LEVEL = 0;
				GCC_PREPROCESSOR_DEFINITIONS = (
					"DEBUG=1",
					"$(inherited)",
				);
				GCC_WARN_64_TO_32_BIT_CONVERSION = YES;
				GCC_WARN_ABOUT_RETURN_TYPE = YES_ERROR;
				GCC_WARN_UNDECLARED_SELECTOR = YES;
				GCC_WARN_UNINITIALIZED_AUTOS = YES_AGGRESSIVE;
				GCC_WARN_UNUSED_FUNCTION = YES;
				GCC_WARN_UNUSED_VARIABLE = YES;
				IPHONEOS_DEPLOYMENT_TARGET = 14.5;
				MTL_ENABLE_DEBUG_INFO = INCLUDE_SOURCE;
				MTL_FAST_MATH = YES;
				ONLY_ACTIVE_ARCH = YES;
				SDKROOT = iphoneos;
				SWIFT_ACTIVE_COMPILATION_CONDITIONS = DEBUG;
				SWIFT_OPTIMIZATION_LEVEL = "-Onone";
			};
			name = Debug;
		};
		CB86566826C65C18000E913D /* Release */ = {
			isa = XCBuildConfiguration;
			buildSettings = {
				ALWAYS_SEARCH_USER_PATHS = NO;
				CLANG_ANALYZER_NONNULL = YES;
				CLANG_ANALYZER_NUMBER_OBJECT_CONVERSION = YES_AGGRESSIVE;
				CLANG_CXX_LANGUAGE_STANDARD = "gnu++14";
				CLANG_CXX_LIBRARY = "libc++";
				CLANG_ENABLE_MODULES = YES;
				CLANG_ENABLE_OBJC_ARC = YES;
				CLANG_ENABLE_OBJC_WEAK = YES;
				CLANG_WARN_BLOCK_CAPTURE_AUTORELEASING = YES;
				CLANG_WARN_BOOL_CONVERSION = YES;
				CLANG_WARN_COMMA = YES;
				CLANG_WARN_CONSTANT_CONVERSION = YES;
				CLANG_WARN_DEPRECATED_OBJC_IMPLEMENTATIONS = YES;
				CLANG_WARN_DIRECT_OBJC_ISA_USAGE = YES_ERROR;
				CLANG_WARN_DOCUMENTATION_COMMENTS = YES;
				CLANG_WARN_EMPTY_BODY = YES;
				CLANG_WARN_ENUM_CONVERSION = YES;
				CLANG_WARN_INFINITE_RECURSION = YES;
				CLANG_WARN_INT_CONVERSION = YES;
				CLANG_WARN_NON_LITERAL_NULL_CONVERSION = YES;
				CLANG_WARN_OBJC_IMPLICIT_RETAIN_SELF = YES;
				CLANG_WARN_OBJC_LITERAL_CONVERSION = YES;
				CLANG_WARN_OBJC_ROOT_CLASS = YES_ERROR;
				CLANG_WARN_QUOTED_INCLUDE_IN_FRAMEWORK_HEADER = YES;
				CLANG_WARN_RANGE_LOOP_ANALYSIS = YES;
				CLANG_WARN_STRICT_PROTOTYPES = YES;
				CLANG_WARN_SUSPICIOUS_MOVE = YES;
				CLANG_WARN_UNGUARDED_AVAILABILITY = YES_AGGRESSIVE;
				CLANG_WARN_UNREACHABLE_CODE = YES;
				CLANG_WARN__DUPLICATE_METHOD_MATCH = YES;
				COPY_PHASE_STRIP = NO;
				DEBUG_INFORMATION_FORMAT = "dwarf-with-dsym";
				ENABLE_NS_ASSERTIONS = NO;
				ENABLE_STRICT_OBJC_MSGSEND = YES;
				GCC_C_LANGUAGE_STANDARD = gnu11;
				GCC_NO_COMMON_BLOCKS = YES;
				GCC_WARN_64_TO_32_BIT_CONVERSION = YES;
				GCC_WARN_ABOUT_RETURN_TYPE = YES_ERROR;
				GCC_WARN_UNDECLARED_SELECTOR = YES;
				GCC_WARN_UNINITIALIZED_AUTOS = YES_AGGRESSIVE;
				GCC_WARN_UNUSED_FUNCTION = YES;
				GCC_WARN_UNUSED_VARIABLE = YES;
				IPHONEOS_DEPLOYMENT_TARGET = 14.5;
				MTL_ENABLE_DEBUG_INFO = NO;
				MTL_FAST_MATH = YES;
				SDKROOT = iphoneos;
				SWIFT_COMPILATION_MODE = wholemodule;
				SWIFT_OPTIMIZATION_LEVEL = "-O";
				VALIDATE_PRODUCT = YES;
			};
			name = Release;
		};
		CB86566A26C65C18000E913D /* Debug */ = {
			isa = XCBuildConfiguration;
			buildSettings = {
				ASSETCATALOG_COMPILER_APPICON_NAME = AppIcon;
				ASSETCATALOG_COMPILER_GLOBAL_ACCENT_COLOR_NAME = AccentColor;
				CODE_SIGN_STYLE = Automatic;
				DEVELOPMENT_TEAM = 7AM54DA9JG;
				INFOPLIST_FILE = "$(SRCROOT)/VoiceRecording/Others/Info.plist";
				LD_RUNPATH_SEARCH_PATHS = (
					"$(inherited)",
					"@executable_path/Frameworks",
				);
				PRODUCT_BUNDLE_IDENTIFIER = com.semicolon.VoiceRecording;
				PRODUCT_NAME = "$(TARGET_NAME)";
				SWIFT_VERSION = 5.0;
				TARGETED_DEVICE_FAMILY = "1,2";
			};
			name = Debug;
		};
		CB86566B26C65C18000E913D /* Release */ = {
			isa = XCBuildConfiguration;
			buildSettings = {
				ASSETCATALOG_COMPILER_APPICON_NAME = AppIcon;
				ASSETCATALOG_COMPILER_GLOBAL_ACCENT_COLOR_NAME = AccentColor;
				CODE_SIGN_STYLE = Automatic;
				DEVELOPMENT_TEAM = 7AM54DA9JG;
				INFOPLIST_FILE = "$(SRCROOT)/VoiceRecording/Others/Info.plist";
				LD_RUNPATH_SEARCH_PATHS = (
					"$(inherited)",
					"@executable_path/Frameworks",
				);
				PRODUCT_BUNDLE_IDENTIFIER = com.semicolon.VoiceRecording;
				PRODUCT_NAME = "$(TARGET_NAME)";
				SWIFT_VERSION = 5.0;
				TARGETED_DEVICE_FAMILY = "1,2";
			};
			name = Release;
		};
/* End XCBuildConfiguration section */

/* Begin XCConfigurationList section */
		CB86565026C65C17000E913D /* Build configuration list for PBXProject "VoiceRecording" */ = {
			isa = XCConfigurationList;
			buildConfigurations = (
				CB86566726C65C18000E913D /* Debug */,
				CB86566826C65C18000E913D /* Release */,
			);
			defaultConfigurationIsVisible = 0;
			defaultConfigurationName = Release;
		};
		CB86566926C65C18000E913D /* Build configuration list for PBXNativeTarget "VoiceRecording" */ = {
			isa = XCConfigurationList;
			buildConfigurations = (
				CB86566A26C65C18000E913D /* Debug */,
				CB86566B26C65C18000E913D /* Release */,
			);
			defaultConfigurationIsVisible = 0;
			defaultConfigurationName = Release;
		};
/* End XCConfigurationList section */
	};
	rootObject = CB86564D26C65C17000E913D /* Project object */;
}
